
Microsoft Visual Studio Solution File, Format Version 12.00
# Visual Studio Version 17
VisualStudioVersion = 17.0.31919.166
MinimumVisualStudioVersion = 10.0.40219.1
Project("{FAE04EC0-301F-11D3-BF4B-00C04F79EFBC}") = "Projeto_Pet_shop", "Projeto_Pet_shop\Projeto_Pet_shop.csproj", "{7DBE1287-A3AD-47E7-A1B3-7A26355D5F6F}"
EndProject
Global
	GlobalSection(SolutionConfigurationPlatforms) = preSolution
		Debug|Any CPU = Debug|Any CPU
		Debug|ARM64 = Debug|ARM64
		Debug|x64 = Debug|x64
		Release|Any CPU = Release|Any CPU
		Release|ARM64 = Release|ARM64
		Release|x64 = Release|x64
		Test|Any CPU = Test|Any CPU
		Test|ARM64 = Test|ARM64
		Test|x64 = Test|x64
		Teste1|Any CPU = Teste1|Any CPU
		Teste1|ARM64 = Teste1|ARM64
		Teste1|x64 = Teste1|x64
		Tiago|Any CPU = Tiago|Any CPU
		Tiago|ARM64 = Tiago|ARM64
		Tiago|x64 = Tiago|x64
	EndGlobalSection
	GlobalSection(ProjectConfigurationPlatforms) = postSolution
		{7DBE1287-A3AD-47E7-A1B3-7A26355D5F6F}.Debug|Any CPU.ActiveCfg = Debug|Any CPU
		{7DBE1287-A3AD-47E7-A1B3-7A26355D5F6F}.Debug|Any CPU.Build.0 = Debug|Any CPU
		{7DBE1287-A3AD-47E7-A1B3-7A26355D5F6F}.Debug|ARM64.ActiveCfg = Debug|ARM64
		{7DBE1287-A3AD-47E7-A1B3-7A26355D5F6F}.Debug|ARM64.Build.0 = Debug|ARM64
		{7DBE1287-A3AD-47E7-A1B3-7A26355D5F6F}.Debug|x64.ActiveCfg = Debug|x64
		{7DBE1287-A3AD-47E7-A1B3-7A26355D5F6F}.Debug|x64.Build.0 = Debug|x64
		{7DBE1287-A3AD-47E7-A1B3-7A26355D5F6F}.Release|Any CPU.ActiveCfg = Release|Any CPU
		{7DBE1287-A3AD-47E7-A1B3-7A26355D5F6F}.Release|Any CPU.Build.0 = Release|Any CPU
		{7DBE1287-A3AD-47E7-A1B3-7A26355D5F6F}.Release|ARM64.ActiveCfg = Release|ARM64
		{7DBE1287-A3AD-47E7-A1B3-7A26355D5F6F}.Release|ARM64.Build.0 = Release|ARM64
		{7DBE1287-A3AD-47E7-A1B3-7A26355D5F6F}.Release|x64.ActiveCfg = Release|x64
		{7DBE1287-A3AD-47E7-A1B3-7A26355D5F6F}.Release|x64.Build.0 = Release|x64
		{7DBE1287-A3AD-47E7-A1B3-7A26355D5F6F}.Test|Any CPU.ActiveCfg = Test|Any CPU
		{7DBE1287-A3AD-47E7-A1B3-7A26355D5F6F}.Test|Any CPU.Build.0 = Test|Any CPU
		{7DBE1287-A3AD-47E7-A1B3-7A26355D5F6F}.Test|ARM64.ActiveCfg = Test|ARM64
		{7DBE1287-A3AD-47E7-A1B3-7A26355D5F6F}.Test|ARM64.Build.0 = Test|ARM64
		{7DBE1287-A3AD-47E7-A1B3-7A26355D5F6F}.Test|x64.ActiveCfg = Test|x64
		{7DBE1287-A3AD-47E7-A1B3-7A26355D5F6F}.Test|x64.Build.0 = Test|x64
		{7DBE1287-A3AD-47E7-A1B3-7A26355D5F6F}.Teste1|Any CPU.ActiveCfg = Teste1|Any CPU
		{7DBE1287-A3AD-47E7-A1B3-7A26355D5F6F}.Teste1|Any CPU.Build.0 = Teste1|Any CPU
		{7DBE1287-A3AD-47E7-A1B3-7A26355D5F6F}.Teste1|ARM64.ActiveCfg = Teste1|ARM64
		{7DBE1287-A3AD-47E7-A1B3-7A26355D5F6F}.Teste1|ARM64.Build.0 = Teste1|ARM64
		{7DBE1287-A3AD-47E7-A1B3-7A26355D5F6F}.Teste1|x64.ActiveCfg = Teste1|x64
		{7DBE1287-A3AD-47E7-A1B3-7A26355D5F6F}.Teste1|x64.Build.0 = Teste1|x64
		{7DBE1287-A3AD-47E7-A1B3-7A26355D5F6F}.Tiago|Any CPU.ActiveCfg = Tiago|Any CPU
		{7DBE1287-A3AD-47E7-A1B3-7A26355D5F6F}.Tiago|Any CPU.Build.0 = Tiago|Any CPU
		{7DBE1287-A3AD-47E7-A1B3-7A26355D5F6F}.Tiago|ARM64.ActiveCfg = Tiago|ARM64
		{7DBE1287-A3AD-47E7-A1B3-7A26355D5F6F}.Tiago|ARM64.Build.0 = Tiago|ARM64
		{7DBE1287-A3AD-47E7-A1B3-7A26355D5F6F}.Tiago|x64.ActiveCfg = Tiago|x64
		{7DBE1287-A3AD-47E7-A1B3-7A26355D5F6F}.Tiago|x64.Build.0 = Tiago|x64
	EndGlobalSection
	GlobalSection(SolutionProperties) = preSolution
		HideSolutionNode = FALSE
	EndGlobalSection
	GlobalSection(ExtensibilityGlobals) = postSolution
		SolutionGuid = {77525A24-036F-40CC-9023-A69FE9A62798}
	EndGlobalSection
EndGlobal
